{
  "version": 4,
  "terraform_version": "1.0.9",
  "serial": 8,
  "lineage": "1e76106e-42f2-7a85-f1a3-08277f0ae007",
  "outputs": {
    "container": {
      "value": "example",
      "type": "string"
    },
    "resourcegroupid": {
      "value": "/subscriptions/e0937317-db67-4071-8ecb-3abfd5dc49be/resourceGroups/azureesourcegroup1",
      "type": "string"
    },
    "storageaccount": {
      "value": "azurestoragegrouphiral",
      "type": "string"
    }
  },
  "resources": [
    {
      "mode": "managed",
      "type": "azurerm_resource_group",
      "name": "resource1",
      "provider": "provider[\"registry.terraform.io/hashicorp/azurerm\"]",
      "instances": [
        {
          "schema_version": 0,
          "attributes": {
            "id": "/subscriptions/e0937317-db67-4071-8ecb-3abfd5dc49be/resourceGroups/azureesourcegroup1",
            "location": "centralus",
            "name": "azureesourcegroup1",
            "tags": {
              "environment": "Dev",
              "owner": "Hiral",
              "purpose": "AzureTfDemo"
            },
            "timeouts": null
          },
          "sensitive_attributes": [],
          "private": "eyJlMmJmYjczMC1lY2FhLTExZTYtOGY4OC0zNDM2M2JjN2M0YzAiOnsiY3JlYXRlIjo1NDAwMDAwMDAwMDAwLCJkZWxldGUiOjU0MDAwMDAwMDAwMDAsInJlYWQiOjMwMDAwMDAwMDAwMCwidXBkYXRlIjo1NDAwMDAwMDAwMDAwfX0="
        }
      ]
    },
    {
      "mode": "managed",
      "type": "azurerm_storage_account",
      "name": "storage",
      "provider": "provider[\"registry.terraform.io/hashicorp/azurerm\"]",
      "instances": [
        {
          "schema_version": 2,
          "attributes": {
            "access_tier": "Hot",
            "account_kind": "StorageV2",
            "account_replication_type": "GRS",
            "account_tier": "Standard",
            "allow_blob_public_access": false,
            "azure_files_authentication": [],
            "blob_properties": [
              {
                "change_feed_enabled": false,
                "container_delete_retention_policy": [],
                "cors_rule": [],
                "default_service_version": "",
                "delete_retention_policy": [],
                "last_access_time_enabled": false,
                "versioning_enabled": false
              }
            ],
            "custom_domain": [],
            "enable_https_traffic_only": true,
            "id": "/subscriptions/e0937317-db67-4071-8ecb-3abfd5dc49be/resourceGroups/azureesourcegroup1/providers/Microsoft.Storage/storageAccounts/azurestoragegrouphiral",
            "identity": [],
            "is_hns_enabled": false,
            "large_file_share_enabled": null,
            "location": "centralus",
            "min_tls_version": "TLS1_0",
            "name": "azurestoragegrouphiral",
            "network_rules": [
              {
                "bypass": [
                  "AzureServices"
                ],
                "default_action": "Allow",
                "ip_rules": [],
                "private_link_access": [],
                "virtual_network_subnet_ids": []
              }
            ],
            "nfsv3_enabled": false,
            "primary_access_key": "vXMVPG+E4QZUhizEMiwT53qdClRqcitbCZW5v+jURH8sWNwC3y5OWpFvRRYIEQCz0DdkJtaInmCqcFVVga9e4g==",
            "primary_blob_connection_string": "DefaultEndpointsProtocol=https;BlobEndpoint=https://azurestoragegrouphiral.blob.core.windows.net/;AccountName=azurestoragegrouphiral;AccountKey=vXMVPG+E4QZUhizEMiwT53qdClRqcitbCZW5v+jURH8sWNwC3y5OWpFvRRYIEQCz0DdkJtaInmCqcFVVga9e4g==",
            "primary_blob_endpoint": "https://azurestoragegrouphiral.blob.core.windows.net/",
            "primary_blob_host": "azurestoragegrouphiral.blob.core.windows.net",
            "primary_connection_string": "DefaultEndpointsProtocol=https;AccountName=azurestoragegrouphiral;AccountKey=vXMVPG+E4QZUhizEMiwT53qdClRqcitbCZW5v+jURH8sWNwC3y5OWpFvRRYIEQCz0DdkJtaInmCqcFVVga9e4g==;EndpointSuffix=core.windows.net",
            "primary_dfs_endpoint": "https://azurestoragegrouphiral.dfs.core.windows.net/",
            "primary_dfs_host": "azurestoragegrouphiral.dfs.core.windows.net",
            "primary_file_endpoint": "https://azurestoragegrouphiral.file.core.windows.net/",
            "primary_file_host": "azurestoragegrouphiral.file.core.windows.net",
            "primary_location": "centralus",
            "primary_queue_endpoint": "https://azurestoragegrouphiral.queue.core.windows.net/",
            "primary_queue_host": "azurestoragegrouphiral.queue.core.windows.net",
            "primary_table_endpoint": "https://azurestoragegrouphiral.table.core.windows.net/",
            "primary_table_host": "azurestoragegrouphiral.table.core.windows.net",
            "primary_web_endpoint": "https://azurestoragegrouphiral.z19.web.core.windows.net/",
            "primary_web_host": "azurestoragegrouphiral.z19.web.core.windows.net",
            "queue_properties": [
              {
                "cors_rule": [],
                "hour_metrics": [
                  {
                    "enabled": true,
                    "include_apis": true,
                    "retention_policy_days": 7,
                    "version": "1.0"
                  }
                ],
                "logging": [
                  {
                    "delete": false,
                    "read": false,
                    "retention_policy_days": 0,
                    "version": "1.0",
                    "write": false
                  }
                ],
                "minute_metrics": [
                  {
                    "enabled": false,
                    "include_apis": false,
                    "retention_policy_days": 0,
                    "version": "1.0"
                  }
                ]
              }
            ],
            "resource_group_name": "azureesourcegroup1",
            "routing": [],
            "secondary_access_key": "W55Kjnsbdu9z3IpkgYj6OrZtbmZf5DoCp5IiThLhlciHQMUhN5kuR/csfyeEpm5FAsZ1e8zRdWO35jj1MCgjhw==",
            "secondary_blob_connection_string": "",
            "secondary_blob_endpoint": null,
            "secondary_blob_host": null,
            "secondary_connection_string": "DefaultEndpointsProtocol=https;AccountName=azurestoragegrouphiral;AccountKey=W55Kjnsbdu9z3IpkgYj6OrZtbmZf5DoCp5IiThLhlciHQMUhN5kuR/csfyeEpm5FAsZ1e8zRdWO35jj1MCgjhw==;EndpointSuffix=core.windows.net",
            "secondary_dfs_endpoint": null,
            "secondary_dfs_host": null,
            "secondary_file_endpoint": null,
            "secondary_file_host": null,
            "secondary_location": "eastus2",
            "secondary_queue_endpoint": null,
            "secondary_queue_host": null,
            "secondary_table_endpoint": null,
            "secondary_table_host": null,
            "secondary_web_endpoint": null,
            "secondary_web_host": null,
            "share_properties": [
              {
                "cors_rule": [],
                "retention_policy": [
                  {
                    "days": 7
                  }
                ],
                "smb": []
              }
            ],
            "shared_access_key_enabled": true,
            "static_website": [],
            "tags": {
              "environment": "Dev",
              "owner": "Hiral",
              "purpose": "AzureTfDemo"
            },
            "timeouts": null
          },
          "sensitive_attributes": [],
          "private": "eyJlMmJmYjczMC1lY2FhLTExZTYtOGY4OC0zNDM2M2JjN2M0YzAiOnsiY3JlYXRlIjozNjAwMDAwMDAwMDAwLCJkZWxldGUiOjM2MDAwMDAwMDAwMDAsInJlYWQiOjMwMDAwMDAwMDAwMCwidXBkYXRlIjozNjAwMDAwMDAwMDAwfSwic2NoZW1hX3ZlcnNpb24iOiIyIn0=",
          "dependencies": [
            "azurerm_resource_group.resource1"
          ]
        }
      ]
    },
    {
      "mode": "managed",
      "type": "azurerm_storage_container",
      "name": "storagecontainer",
      "provider": "provider[\"registry.terraform.io/hashicorp/azurerm\"]",
      "instances": [
        {
          "schema_version": 1,
          "attributes": {
            "container_access_type": "private",
            "has_immutability_policy": false,
            "has_legal_hold": false,
            "id": "https://azurestoragegrouphiral.blob.core.windows.net/example",
            "metadata": {},
            "name": "example",
            "resource_manager_id": "/subscriptions/e0937317-db67-4071-8ecb-3abfd5dc49be/resourceGroups/azureesourcegroup1/providers/Microsoft.Storage/storageAccounts/azurestoragegrouphiral/blobServices/default/containers/example",
            "storage_account_name": "azurestoragegrouphiral",
            "timeouts": null
          },
          "sensitive_attributes": [],
          "private": "eyJlMmJmYjczMC1lY2FhLTExZTYtOGY4OC0zNDM2M2JjN2M0YzAiOnsiY3JlYXRlIjoxODAwMDAwMDAwMDAwLCJkZWxldGUiOjE4MDAwMDAwMDAwMDAsInJlYWQiOjMwMDAwMDAwMDAwMCwidXBkYXRlIjoxODAwMDAwMDAwMDAwfSwic2NoZW1hX3ZlcnNpb24iOiIxIn0=",
          "dependencies": [
            "azurerm_resource_group.resource1",
            "azurerm_storage_account.storage"
          ]
        }
      ]
    }
  ]
}
