{
  "version": 4,
  "terraform_version": "1.0.9",
  "serial": 2,
  "lineage": "1e76106e-42f2-7a85-f1a3-08277f0ae007",
  "outputs": {
    "resourcegroupid": {
      "value": "/subscriptions/e0937317-db67-4071-8ecb-3abfd5dc49be/resourceGroups/testResource1",
      "type": "string"
    }
  },
  "resources": [
    {
      "mode": "managed",
      "type": "azurerm_resource_group",
      "name": "resource1",
      "provider": "provider[\"registry.terraform.io/hashicorp/azurerm\"]",
      "instances": [
        {
          "schema_version": 0,
          "attributes": {
            "id": "/subscriptions/e0937317-db67-4071-8ecb-3abfd5dc49be/resourceGroups/testResource1",
            "location": "centralus",
            "name": "testResource1",
            "tags": {
              "environment": "dev"
            },
            "timeouts": null
          },
          "sensitive_attributes": [],
          "private": "eyJlMmJmYjczMC1lY2FhLTExZTYtOGY4OC0zNDM2M2JjN2M0YzAiOnsiY3JlYXRlIjo1NDAwMDAwMDAwMDAwLCJkZWxldGUiOjU0MDAwMDAwMDAwMDAsInJlYWQiOjMwMDAwMDAwMDAwMCwidXBkYXRlIjo1NDAwMDAwMDAwMDAwfX0="
        }
      ]
    }
  ]
}
